// !$*UTF8*$!
{
	archiveVersion = 1;
	classes = {
	};
	objectVersion = 46;
	objects = {

/* Begin PBXBuildFile section */
		D2BBE7E819BE996500189536 /* Foundation.framework in Frameworks */ = {isa = PBXBuildFile; fileRef = D2BBE7E719BE996500189536 /* Foundation.framework */; };
		D2BBE7EA19BE996500189536 /* CoreGraphics.framework in Frameworks */ = {isa = PBXBuildFile; fileRef = D2BBE7E919BE996500189536 /* CoreGraphics.framework */; };
		D2BBE7EC19BE996500189536 /* UIKit.framework in Frameworks */ = {isa = PBXBuildFile; fileRef = D2BBE7EB19BE996500189536 /* UIKit.framework */; };
		D2BBE7F219BE996500189536 /* InfoPlist.strings in Resources */ = {isa = PBXBuildFile; fileRef = D2BBE7F019BE996500189536 /* InfoPlist.strings */; };
		D2BBE7F419BE996500189536 /* main.m in Sources */ = {isa = PBXBuildFile; fileRef = D2BBE7F319BE996500189536 /* main.m */; };
		D2BBE7F819BE996500189536 /* BIDAppDelegate.m in Sources */ = {isa = PBXBuildFile; fileRef = D2BBE7F719BE996500189536 /* BIDAppDelegate.m */; };
		D2BBE7FB19BE996500189536 /* Main.storyboard in Resources */ = {isa = PBXBuildFile; fileRef = D2BBE7F919BE996500189536 /* Main.storyboard */; };
		D2BBE7FE19BE996500189536 /* BIDViewController.m in Sources */ = {isa = PBXBuildFile; fileRef = D2BBE7FD19BE996500189536 /* BIDViewController.m */; };
		D2BBE80019BE996500189536 /* Images.xcassets in Resources */ = {isa = PBXBuildFile; fileRef = D2BBE7FF19BE996500189536 /* Images.xcassets */; };
		D2BBE80719BE996500189536 /* XCTest.framework in Frameworks */ = {isa = PBXBuildFile; fileRef = D2BBE80619BE996500189536 /* XCTest.framework */; };
		D2BBE80819BE996500189536 /* Foundation.framework in Frameworks */ = {isa = PBXBuildFile; fileRef = D2BBE7E719BE996500189536 /* Foundation.framework */; };
		D2BBE80919BE996500189536 /* UIKit.framework in Frameworks */ = {isa = PBXBuildFile; fileRef = D2BBE7EB19BE996500189536 /* UIKit.framework */; };
		D2BBE81119BE996500189536 /* InfoPlist.strings in Resources */ = {isa = PBXBuildFile; fileRef = D2BBE80F19BE996500189536 /* InfoPlist.strings */; };
		D2BBE81319BE996500189536 /* CellsTests.m in Sources */ = {isa = PBXBuildFile; fileRef = D2BBE81219BE996500189536 /* CellsTests.m */; };
		D2BBE81E19BE9C2500189536 /* BIDNameAndColorCell.m in Sources */ = {isa = PBXBuildFile; fileRef = D2BBE81D19BE9C2500189536 /* BIDNameAndColorCell.m */; };
		D2BBE82019BEAE7400189536 /* BIDNameAndColorCell.xib in Resources */ = {isa = PBXBuildFile; fileRef = D2BBE81F19BEAE7400189536 /* BIDNameAndColorCell.xib */; };
/* End PBXBuildFile section */

/* Begin PBXContainerItemProxy section */
		D2BBE80A19BE996500189536 /* PBXContainerItemProxy */ = {
			isa = PBXContainerItemProxy;
			containerPortal = D2BBE7DC19BE996500189536 /* Project object */;
			proxyType = 1;
			remoteGlobalIDString = D2BBE7E319BE996500189536;
			remoteInfo = Cells;
		};
/* End PBXContainerItemProxy section */

/* Begin PBXFileReference section */
		D2BBE7E419BE996500189536 /* Cells.app */ = {isa = PBXFileReference; explicitFileType = wrapper.application; includeInIndex = 0; path = Cells.app; sourceTree = BUILT_PRODUCTS_DIR; };
		D2BBE7E719BE996500189536 /* Foundation.framework */ = {isa = PBXFileReference; lastKnownFileType = wrapper.framework; name = Foundation.framework; path = System/Library/Frameworks/Foundation.framework; sourceTree = SDKROOT; };
		D2BBE7E919BE996500189536 /* CoreGraphics.framework */ = {isa = PBXFileReference; lastKnownFileType = wrapper.framework; name = CoreGraphics.framework; path = System/Library/Frameworks/CoreGraphics.framework; sourceTree = SDKROOT; };
		D2BBE7EB19BE996500189536 /* UIKit.framework */ = {isa = PBXFileReference; lastKnownFileType = wrapper.framework; name = UIKit.framework; path = System/Library/Frameworks/UIKit.framework; sourceTree = SDKROOT; };
		D2BBE7EF19BE996500189536 /* Cells-Info.plist */ = {isa = PBXFileReference; lastKnownFileType = text.plist.xml; path = "Cells-Info.plist"; sourceTree = "<group>"; };
		D2BBE7F119BE996500189536 /* en */ = {isa = PBXFileReference; lastKnownFileType = text.plist.strings; name = en; path = en.lproj/InfoPlist.strings; sourceTree = "<group>"; };
		D2BBE7F319BE996500189536 /* main.m */ = {isa = PBXFileReference; lastKnownFileType = sourcecode.c.objc; path = main.m; sourceTree = "<group>"; };
		D2BBE7F519BE996500189536 /* Cells-Prefix.pch */ = {isa = PBXFileReference; lastKnownFileType = sourcecode.c.h; path = "Cells-Prefix.pch"; sourceTree = "<group>"; };
		D2BBE7F619BE996500189536 /* BIDAppDelegate.h */ = {isa = PBXFileReference; lastKnownFileType = sourcecode.c.h; path = BIDAppDelegate.h; sourceTree = "<group>"; };
		D2BBE7F719BE996500189536 /* BIDAppDelegate.m */ = {isa = PBXFileReference; lastKnownFileType = sourcecode.c.objc; path = BIDAppDelegate.m; sourceTree = "<group>"; };
		D2BBE7FA19BE996500189536 /* Base */ = {isa = PBXFileReference; lastKnownFileType = file.storyboard; name = Base; path = Base.lproj/Main.storyboard; sourceTree = "<group>"; };
		D2BBE7FC19BE996500189536 /* BIDViewController.h */ = {isa = PBXFileReference; lastKnownFileType = sourcecode.c.h; path = BIDViewController.h; sourceTree = "<group>"; };
		D2BBE7FD19BE996500189536 /* BIDViewController.m */ = {isa = PBXFileReference; lastKnownFileType = sourcecode.c.objc; path = BIDViewController.m; sourceTree = "<group>"; };
		D2BBE7FF19BE996500189536 /* Images.xcassets */ = {isa = PBXFileReference; lastKnownFileType = folder.assetcatalog; path = Images.xcassets; sourceTree = "<group>"; };
		D2BBE80519BE996500189536 /* CellsTests.xctest */ = {isa = PBXFileReference; explicitFileType = wrapper.cfbundle; includeInIndex = 0; path = CellsTests.xctest; sourceTree = BUILT_PRODUCTS_DIR; };
		D2BBE80619BE996500189536 /* XCTest.framework */ = {isa = PBXFileReference; lastKnownFileType = wrapper.framework; name = XCTest.framework; path = Library/Frameworks/XCTest.framework; sourceTree = DEVELOPER_DIR; };
		D2BBE80E19BE996500189536 /* CellsTests-Info.plist */ = {isa = PBXFileReference; lastKnownFileType = text.plist.xml; path = "CellsTests-Info.plist"; sourceTree = "<group>"; };
		D2BBE81019BE996500189536 /* en */ = {isa = PBXFileReference; lastKnownFileType = text.plist.strings; name = en; path = en.lproj/InfoPlist.strings; sourceTree = "<group>"; };
		D2BBE81219BE996500189536 /* CellsTests.m */ = {isa = PBXFileReference; lastKnownFileType = sourcecode.c.objc; path = CellsTests.m; sourceTree = "<group>"; };
		D2BBE81C19BE9C2500189536 /* BIDNameAndColorCell.h */ = {isa = PBXFileReference; fileEncoding = 4; lastKnownFileType = sourcecode.c.h; path = BIDNameAndColorCell.h; sourceTree = "<group>"; };
		D2BBE81D19BE9C2500189536 /* BIDNameAndColorCell.m */ = {isa = PBXFileReference; fileEncoding = 4; lastKnownFileType = sourcecode.c.objc; path = BIDNameAndColorCell.m; sourceTree = "<group>"; };
		D2BBE81F19BEAE7400189536 /* BIDNameAndColorCell.xib */ = {isa = PBXFileReference; fileEncoding = 4; lastKnownFileType = file.xib; path = BIDNameAndColorCell.xib; sourceTree = "<group>"; };
/* End PBXFileReference section */

/* Begin PBXFrameworksBuildPhase section */
		D2BBE7E119BE996500189536 /* Frameworks */ = {
			isa = PBXFrameworksBuildPhase;
			buildActionMask = 2147483647;
			files = (
				D2BBE7EA19BE996500189536 /* CoreGraphics.framework in Frameworks */,
				D2BBE7EC19BE996500189536 /* UIKit.framework in Frameworks */,
				D2BBE7E819BE996500189536 /* Foundation.framework in Frameworks */,
			);
			runOnlyForDeploymentPostprocessing = 0;
		};
		D2BBE80219BE996500189536 /* Frameworks */ = {
			isa = PBXFrameworksBuildPhase;
			buildActionMask = 2147483647;
			files = (
				D2BBE80719BE996500189536 /* XCTest.framework in Frameworks */,
				D2BBE80919BE996500189536 /* UIKit.framework in Frameworks */,
				D2BBE80819BE996500189536 /* Foundation.framework in Frameworks */,
			);
			runOnlyForDeploymentPostprocessing = 0;
		};
/* End PBXFrameworksBuildPhase section */

/* Begin PBXGroup section */
		D2BBE7DB19BE996500189536 = {
			isa = PBXGroup;
			children = (
				D2BBE7ED19BE996500189536 /* Cells */,
				D2BBE80C19BE996500189536 /* CellsTests */,
				D2BBE7E619BE996500189536 /* Frameworks */,
				D2BBE7E519BE996500189536 /* Products */,
			);
			sourceTree = "<group>";
		};
		D2BBE7E519BE996500189536 /* Products */ = {
			isa = PBXGroup;
			children = (
				D2BBE7E419BE996500189536 /* Cells.app */,
				D2BBE80519BE996500189536 /* CellsTests.xctest */,
			);
			name = Products;
			sourceTree = "<group>";
		};
		D2BBE7E619BE996500189536 /* Frameworks */ = {
			isa = PBXGroup;
			children = (
				D2BBE7E719BE996500189536 /* Foundation.framework */,
				D2BBE7E919BE996500189536 /* CoreGraphics.framework */,
				D2BBE7EB19BE996500189536 /* UIKit.framework */,
				D2BBE80619BE996500189536 /* XCTest.framework */,
			);
			name = Frameworks;
			sourceTree = "<group>";
		};
		D2BBE7ED19BE996500189536 /* Cells */ = {
			isa = PBXGroup;
			children = (
				D2BBE7F619BE996500189536 /* BIDAppDelegate.h */,
				D2BBE7F719BE996500189536 /* BIDAppDelegate.m */,
				D2BBE7F919BE996500189536 /* Main.storyboard */,
				D2BBE7FC19BE996500189536 /* BIDViewController.h */,
				D2BBE7FD19BE996500189536 /* BIDViewController.m */,
				D2BBE7FF19BE996500189536 /* Images.xcassets */,
				D2BBE7EE19BE996500189536 /* Supporting Files */,
				D2BBE81C19BE9C2500189536 /* BIDNameAndColorCell.h */,
				D2BBE81D19BE9C2500189536 /* BIDNameAndColorCell.m */,
				D2BBE81F19BEAE7400189536 /* BIDNameAndColorCell.xib */,
			);
			path = Cells;
			sourceTree = "<group>";
		};
		D2BBE7EE19BE996500189536 /* Supporting Files */ = {
			isa = PBXGroup;
			children = (
				D2BBE7EF19BE996500189536 /* Cells-Info.plist */,
				D2BBE7F019BE996500189536 /* InfoPlist.strings */,
				D2BBE7F319BE996500189536 /* main.m */,
				D2BBE7F519BE996500189536 /* Cells-Prefix.pch */,
			);
			name = "Supporting Files";
			sourceTree = "<group>";
		};
		D2BBE80C19BE996500189536 /* CellsTests */ = {
			isa = PBXGroup;
			children = (
				D2BBE81219BE996500189536 /* CellsTests.m */,
				D2BBE80D19BE996500189536 /* Supporting Files */,
			);
			path = CellsTests;
			sourceTree = "<group>";
		};
		D2BBE80D19BE996500189536 /* Supporting Files */ = {
			isa = PBXGroup;
			children = (
				D2BBE80E19BE996500189536 /* CellsTests-Info.plist */,
				D2BBE80F19BE996500189536 /* InfoPlist.strings */,
			);
			name = "Supporting Files";
			sourceTree = "<group>";
		};
/* End PBXGroup section */

/* Begin PBXNativeTarget section */
		D2BBE7E319BE996500189536 /* Cells */ = {
			isa = PBXNativeTarget;
			buildConfigurationList = D2BBE81619BE996500189536 /* Build configuration list for PBXNativeTarget "Cells" */;
			buildPhases = (
				D2BBE7E019BE996500189536 /* Sources */,
				D2BBE7E119BE996500189536 /* Frameworks */,
				D2BBE7E219BE996500189536 /* Resources */,
			);
			buildRules = (
			);
			dependencies = (
			);
			name = Cells;
			productName = Cells;
			productReference = D2BBE7E419BE996500189536 /* Cells.app */;
			productType = "com.apple.product-type.application";
		};
		D2BBE80419BE996500189536 /* CellsTests */ = {
			isa = PBXNativeTarget;
			buildConfigurationList = D2BBE81919BE996500189536 /* Build configuration list for PBXNativeTarget "CellsTests" */;
			buildPhases = (
				D2BBE80119BE996500189536 /* Sources */,
				D2BBE80219BE996500189536 /* Frameworks */,
				D2BBE80319BE996500189536 /* Resources */,
			);
			buildRules = (
			);
			dependencies = (
				D2BBE80B19BE996500189536 /* PBXTargetDependency */,
			);
			name = CellsTests;
			productName = CellsTests;
			productReference = D2BBE80519BE996500189536 /* CellsTests.xctest */;
			productType = "com.apple.product-type.bundle.unit-test";
		};
/* End PBXNativeTarget section */

/* Begin PBXProject section */
		D2BBE7DC19BE996500189536 /* Project object */ = {
			isa = PBXProject;
			attributes = {
				CLASSPREFIX = BID;
				LastUpgradeCheck = 0510;
				ORGANIZATIONNAME = ScottMaile;
				TargetAttributes = {
					D2BBE80419BE996500189536 = {
						TestTargetID = D2BBE7E319BE996500189536;
					};
				};
			};
			buildConfigurationList = D2BBE7DF19BE996500189536 /* Build configuration list for PBXProject "Cells" */;
			compatibilityVersion = "Xcode 3.2";
			developmentRegion = English;
			hasScannedForEncodings = 0;
			knownRegions = (
				en,
				Base,
			);
			mainGroup = D2BBE7DB19BE996500189536;
			productRefGroup = D2BBE7E519BE996500189536 /* Products */;
			projectDirPath = "";
			projectRoot = "";
			targets = (
				D2BBE7E319BE996500189536 /* Cells */,
				D2BBE80419BE996500189536 /* CellsTests */,
			);
		};
/* End PBXProject section */

/* Begin PBXResourcesBuildPhase section */
		D2BBE7E219BE996500189536 /* Resources */ = {
			isa = PBXResourcesBuildPhase;
			buildActionMask = 2147483647;
			files = (
				D2BBE80019BE996500189536 /* Images.xcassets in Resources */,
				D2BBE7F219BE996500189536 /* InfoPlist.strings in Resources */,
				D2BBE82019BEAE7400189536 /* BIDNameAndColorCell.xib in Resources */,
				D2BBE7FB19BE996500189536 /* Main.storyboard in Resources */,
			);
			runOnlyForDeploymentPostprocessing = 0;
		};
		D2BBE80319BE996500189536 /* Resources */ = {
			isa = PBXResourcesBuildPhase;
			buildActionMask = 2147483647;
			files = (
				D2BBE81119BE996500189536 /* InfoPlist.strings in Resources */,
			);
			runOnlyForDeploymentPostprocessing = 0;
		};
/* End PBXResourcesBuildPhase section */

/* Begin PBXSourcesBuildPhase section */
		D2BBE7E019BE996500189536 /* Sources */ = {
			isa = PBXSourcesBuildPhase;
			buildActionMask = 2147483647;
			files = (
				D2BBE7F819BE996500189536 /* BIDAppDelegate.m in Sources */,
				D2BBE7FE19BE996500189536 /* BIDViewController.m in Sources */,
				D2BBE81E19BE9C2500189536 /* BIDNameAndColorCell.m in Sources */,
				D2BBE7F419BE996500189536 /* main.m in Sources */,
			);
			runOnlyForDeploymentPostprocessing = 0;
		};
		D2BBE80119BE996500189536 /* Sources */ = {
			isa = PBXSourcesBuildPhase;
			buildActionMask = 2147483647;
			files = (
				D2BBE81319BE996500189536 /* CellsTests.m in Sources */,
			);
			runOnlyForDeploymentPostprocessing = 0;
		};
/* End PBXSourcesBuildPhase section */

/* Begin PBXTargetDependency section */
		D2BBE80B19BE996500189536 /* PBXTargetDependency */ = {
			isa = PBXTargetDependency;
			target = D2BBE7E319BE996500189536 /* Cells */;
			targetProxy = D2BBE80A19BE996500189536 /* PBXContainerItemProxy */;
		};
/* End PBXTargetDependency section */

/* Begin PBXVariantGroup section */
		D2BBE7F019BE996500189536 /* InfoPlist.strings */ = {
			isa = PBXVariantGroup;
			children = (
				D2BBE7F119BE996500189536 /* en */,
			);
			name = InfoPlist.strings;
			sourceTree = "<group>";
		};
		D2BBE7F919BE996500189536 /* Main.storyboard */ = {
			isa = PBXVariantGroup;
			children = (
				D2BBE7FA19BE996500189536 /* Base */,
			);
			name = Main.storyboard;
			sourceTree = "<group>";
		};
		D2BBE80F19BE996500189536 /* InfoPlist.strings */ = {
			isa = PBXVariantGroup;
			children = (
				D2BBE81019BE996500189536 /* en */,
			);
			name = InfoPlist.strings;
			sourceTree = "<group>";
		};
/* End PBXVariantGroup section */

/* Begin XCBuildConfiguration section */
		D2BBE81419BE996500189536 /* Debug */ = {
			isa = XCBuildConfiguration;
			buildSettings = {
				ALWAYS_SEARCH_USER_PATHS = NO;
				CLANG_CXX_LANGUAGE_STANDARD = "gnu++0x";
				CLANG_CXX_LIBRARY = "libc++";
				CLANG_ENABLE_MODULES = YES;
				CLANG_ENABLE_OBJC_ARC = YES;
				CLANG_WARN_BOOL_CONVERSION = YES;
				CLANG_WARN_CONSTANT_CONVERSION = YES;
				CLANG_WARN_DIRECT_OBJC_ISA_USAGE = YES_ERROR;
				CLANG_WARN_EMPTY_BODY = YES;
				CLANG_WARN_ENUM_CONVERSION = YES;
				CLANG_WARN_INT_CONVERSION = YES;
				CLANG_WARN_OBJC_ROOT_CLASS = YES_ERROR;
				CLANG_WARN__DUPLICATE_METHOD_MATCH = YES;
				"CODE_SIGN_IDENTITY[sdk=iphoneos*]" = "iPhone Developer";
				COPY_PHASE_STRIP = NO;
				GCC_C_LANGUAGE_STANDARD = gnu99;
				GCC_DYNAMIC_NO_PIC = NO;
				GCC_OPTIMIZATION_LEVEL = 0;
				GCC_PREPROCESSOR_DEFINITIONS = (
					"DEBUG=1",
					"$(inherited)",
				);
				GCC_SYMBOLS_PRIVATE_EXTERN = NO;
				GCC_WARN_64_TO_32_BIT_CONVERSION = YES;
				GCC_WARN_ABOUT_RETURN_TYPE = YES_ERROR;
				GCC_WARN_UNDECLARED_SELECTOR = YES;
				GCC_WARN_UNINITIALIZED_AUTOS = YES_AGGRESSIVE;
				GCC_WARN_UNUSED_FUNCTION = YES;
				GCC_WARN_UNUSED_VARIABLE = YES;
				IPHONEOS_DEPLOYMENT_TARGET = 7.1;
				ONLY_ACTIVE_ARCH = YES;
				SDKROOT = iphoneos;
			};
			name = Debug;
		};
		D2BBE81519BE996500189536 /* Release */ = {
			isa = XCBuildConfiguration;
			buildSettings = {
				ALWAYS_SEARCH_USER_PATHS = NO;
				CLANG_CXX_LANGUAGE_STANDARD = "gnu++0x";
				CLANG_CXX_LIBRARY = "libc++";
				CLANG_ENABLE_MODULES = YES;
				CLANG_ENABLE_OBJC_ARC = YES;
				CLANG_WARN_BOOL_CONVERSION = YES;
				CLANG_WARN_CONSTANT_CONVERSION = YES;
				CLANG_WARN_DIRECT_OBJC_ISA_USAGE = YES_ERROR;
				CLANG_WARN_EMPTY_BODY = YES;
				CLANG_WARN_ENUM_CONVERSION = YES;
				CLANG_WARN_INT_CONVERSION = YES;
				CLANG_WARN_OBJC_ROOT_CLASS = YES_ERROR;
				CLANG_WARN__DUPLICATE_METHOD_MATCH = YES;
				"CODE_SIGN_IDENTITY[sdk=iphoneos*]" = "iPhone Developer";
				COPY_PHASE_STRIP = YES;
				ENABLE_NS_ASSERTIONS = NO;
				GCC_C_LANGUAGE_STANDARD = gnu99;
				GCC_WARN_64_TO_32_BIT_CONVERSION = YES;
				GCC_WARN_ABOUT_RETURN_TYPE = YES_ERROR;
				GCC_WARN_UNDECLARED_SELECTOR = YES;
				GCC_WARN_UNINITIALIZED_AUTOS = YES_AGGRESSIVE;
				GCC_WARN_UNUSED_FUNCTION = YES;
				GCC_WARN_UNUSED_VARIABLE = YES;
				IPHONEOS_DEPLOYMENT_TARGET = 7.1;
				SDKROOT = iphoneos;
				VALIDATE_PRODUCT = YES;
			};
			name = Release;
		};
		D2BBE81719BE996500189536 /* Debug */ = {
			isa = XCBuildConfiguration;
			buildSettings = {
				ASSETCATALOG_COMPILER_APPICON_NAME = AppIcon;
				ASSETCATALOG_COMPILER_LAUNCHIMAGE_NAME = LaunchImage;
				GCC_PRECOMPILE_PREFIX_HEADER = YES;
				GCC_PREFIX_HEADER = "Cells/Cells-Prefix.pch";
				INFOPLIST_FILE = "Cells/Cells-Info.plist";
				PRODUCT_NAME = "$(TARGET_NAME)";
				WRAPPER_EXTENSION = app;
			};
			name = Debug;
		};
		D2BBE81819BE996500189536 /* Release */ = {
			isa = XCBuildConfiguration;
			buildSettings = {
				ASSETCATALOG_COMPILER_APPICON_NAME = AppIcon;
				ASSETCATALOG_COMPILER_LAUNCHIMAGE_NAME = LaunchImage;
				GCC_PRECOMPILE_PREFIX_HEADER = YES;
				GCC_PREFIX_HEADER = "Cells/Cells-Prefix.pch";
				INFOPLIST_FILE = "Cells/Cells-Info.plist";
				PRODUCT_NAME = "$(TARGET_NAME)";
				WRAPPER_EXTENSION = app;
			};
			name = Release;
		};
		D2BBE81A19BE996500189536 /* Debug */ = {
			isa = XCBuildConfiguration;
			buildSettings = {
				BUNDLE_LOADER = "$(BUILT_PRODUCTS_DIR)/Cells.app/Cells";
				FRAMEWORK_SEARCH_PATHS = (
					"$(SDKROOT)/Developer/Library/Frameworks",
					"$(inherited)",
					"$(DEVELOPER_FRAMEWORKS_DIR)",
				);
				GCC_PRECOMPILE_PREFIX_HEADER = YES;
				GCC_PREFIX_HEADER = "Cells/Cells-Prefix.pch";
				GCC_PREPROCESSOR_DEFINITIONS = (
					"DEBUG=1",
					"$(inherited)",
				);
				INFOPLIST_FILE = "CellsTests/CellsTests-Info.plist";
				PRODUCT_NAME = "$(TARGET_NAME)";
				TEST_HOST = "$(BUNDLE_LOADER)";
				WRAPPER_EXTENSION = xctest;
			};
			name = Debug;
		};
		D2BBE81B19BE996500189536 /* Release */ = {
			isa = XCBuildConfiguration;
			buildSettings = {
				BUNDLE_LOADER = "$(BUILT_PRODUCTS_DIR)/Cells.app/Cells";
				FRAMEWORK_SEARCH_PATHS = (
					"$(SDKROOT)/Developer/Library/Frameworks",
					"$(inherited)",
					"$(DEVELOPER_FRAMEWORKS_DIR)",
				);
				GCC_PRECOMPILE_PREFIX_HEADER = YES;
				GCC_PREFIX_HEADER = "Cells/Cells-Prefix.pch";
				INFOPLIST_FILE = "CellsTests/CellsTests-Info.plist";
				PRODUCT_NAME = "$(TARGET_NAME)";
				TEST_HOST = "$(BUNDLE_LOADER)";
				WRAPPER_EXTENSION = xctest;
			};
			name = Release;
		};
/* End XCBuildConfiguration section */

/* Begin XCConfigurationList section */
		D2BBE7DF19BE996500189536 /* Build configuration list for PBXProject "Cells" */ = {
			isa = XCConfigurationList;
			buildConfigurations = (
				D2BBE81419BE996500189536 /* Debug */,
				D2BBE81519BE996500189536 /* Release */,
			);
			defaultConfigurationIsVisible = 0;
			defaultConfigurationName = Release;
		};
		D2BBE81619BE996500189536 /* Build configuration list for PBXNativeTarget "Cells" */ = {
			isa = XCConfigurationList;
			buildConfigurations = (
				D2BBE81719BE996500189536 /* Debug */,
				D2BBE81819BE996500189536 /* Release */,
			);
			defaultConfigurationIsVisible = 0;
		};
		D2BBE81919BE996500189536 /* Build configuration list for PBXNativeTarget "CellsTests" */ = {
			isa = XCConfigurationList;
			buildConfigurations = (
				D2BBE81A19BE996500189536 /* Debug */,
				D2BBE81B19BE996500189536 /* Release */,
			);
			defaultConfigurationIsVisible = 0;
		};
/* End XCConfigurationList section */
	};
	rootObject = D2BBE7DC19BE996500189536 /* Project object */;
}
