// !$*UTF8*$!
{
	archiveVersion = 1;
	classes = {
	};
	objectVersion = 46;
	objects = {

/* Begin PBXBuildFile section */
		D2FC136019A3DCE80082652A /* Foundation.framework in Frameworks */ = {isa = PBXBuildFile; fileRef = D2FC135F19A3DCE80082652A /* Foundation.framework */; };
		D2FC136219A3DCE80082652A /* CoreGraphics.framework in Frameworks */ = {isa = PBXBuildFile; fileRef = D2FC136119A3DCE80082652A /* CoreGraphics.framework */; };
		D2FC136419A3DCE80082652A /* UIKit.framework in Frameworks */ = {isa = PBXBuildFile; fileRef = D2FC136319A3DCE80082652A /* UIKit.framework */; };
		D2FC136A19A3DCE80082652A /* InfoPlist.strings in Resources */ = {isa = PBXBuildFile; fileRef = D2FC136819A3DCE80082652A /* InfoPlist.strings */; };
		D2FC136C19A3DCE80082652A /* main.m in Sources */ = {isa = PBXBuildFile; fileRef = D2FC136B19A3DCE80082652A /* main.m */; };
		D2FC137019A3DCE80082652A /* BIDAppDelegate.m in Sources */ = {isa = PBXBuildFile; fileRef = D2FC136F19A3DCE80082652A /* BIDAppDelegate.m */; };
		D2FC137319A3DCE80082652A /* Main.storyboard in Resources */ = {isa = PBXBuildFile; fileRef = D2FC137119A3DCE80082652A /* Main.storyboard */; };
		D2FC137619A3DCE80082652A /* BIDViewController.m in Sources */ = {isa = PBXBuildFile; fileRef = D2FC137519A3DCE80082652A /* BIDViewController.m */; };
		D2FC137819A3DCE80082652A /* Images.xcassets in Resources */ = {isa = PBXBuildFile; fileRef = D2FC137719A3DCE80082652A /* Images.xcassets */; };
		D2FC137F19A3DCE80082652A /* XCTest.framework in Frameworks */ = {isa = PBXBuildFile; fileRef = D2FC137E19A3DCE80082652A /* XCTest.framework */; };
		D2FC138019A3DCE80082652A /* Foundation.framework in Frameworks */ = {isa = PBXBuildFile; fileRef = D2FC135F19A3DCE80082652A /* Foundation.framework */; };
		D2FC138119A3DCE80082652A /* UIKit.framework in Frameworks */ = {isa = PBXBuildFile; fileRef = D2FC136319A3DCE80082652A /* UIKit.framework */; };
		D2FC138919A3DCE80082652A /* InfoPlist.strings in Resources */ = {isa = PBXBuildFile; fileRef = D2FC138719A3DCE80082652A /* InfoPlist.strings */; };
		D2FC138B19A3DCE80082652A /* ControlFunTests.m in Sources */ = {isa = PBXBuildFile; fileRef = D2FC138A19A3DCE80082652A /* ControlFunTests.m */; };
/* End PBXBuildFile section */

/* Begin PBXContainerItemProxy section */
		D2FC138219A3DCE80082652A /* PBXContainerItemProxy */ = {
			isa = PBXContainerItemProxy;
			containerPortal = D2FC135419A3DCE80082652A /* Project object */;
			proxyType = 1;
			remoteGlobalIDString = D2FC135B19A3DCE80082652A;
			remoteInfo = ControlFun;
		};
/* End PBXContainerItemProxy section */

/* Begin PBXFileReference section */
		D2FC135C19A3DCE80082652A /* ControlFun.app */ = {isa = PBXFileReference; explicitFileType = wrapper.application; includeInIndex = 0; path = ControlFun.app; sourceTree = BUILT_PRODUCTS_DIR; };
		D2FC135F19A3DCE80082652A /* Foundation.framework */ = {isa = PBXFileReference; lastKnownFileType = wrapper.framework; name = Foundation.framework; path = System/Library/Frameworks/Foundation.framework; sourceTree = SDKROOT; };
		D2FC136119A3DCE80082652A /* CoreGraphics.framework */ = {isa = PBXFileReference; lastKnownFileType = wrapper.framework; name = CoreGraphics.framework; path = System/Library/Frameworks/CoreGraphics.framework; sourceTree = SDKROOT; };
		D2FC136319A3DCE80082652A /* UIKit.framework */ = {isa = PBXFileReference; lastKnownFileType = wrapper.framework; name = UIKit.framework; path = System/Library/Frameworks/UIKit.framework; sourceTree = SDKROOT; };
		D2FC136719A3DCE80082652A /* ControlFun-Info.plist */ = {isa = PBXFileReference; lastKnownFileType = text.plist.xml; path = "ControlFun-Info.plist"; sourceTree = "<group>"; };
		D2FC136919A3DCE80082652A /* en */ = {isa = PBXFileReference; lastKnownFileType = text.plist.strings; name = en; path = en.lproj/InfoPlist.strings; sourceTree = "<group>"; };
		D2FC136B19A3DCE80082652A /* main.m */ = {isa = PBXFileReference; lastKnownFileType = sourcecode.c.objc; path = main.m; sourceTree = "<group>"; };
		D2FC136D19A3DCE80082652A /* ControlFun-Prefix.pch */ = {isa = PBXFileReference; lastKnownFileType = sourcecode.c.h; path = "ControlFun-Prefix.pch"; sourceTree = "<group>"; };
		D2FC136E19A3DCE80082652A /* BIDAppDelegate.h */ = {isa = PBXFileReference; lastKnownFileType = sourcecode.c.h; path = BIDAppDelegate.h; sourceTree = "<group>"; };
		D2FC136F19A3DCE80082652A /* BIDAppDelegate.m */ = {isa = PBXFileReference; lastKnownFileType = sourcecode.c.objc; path = BIDAppDelegate.m; sourceTree = "<group>"; };
		D2FC137219A3DCE80082652A /* Base */ = {isa = PBXFileReference; lastKnownFileType = file.storyboard; name = Base; path = Base.lproj/Main.storyboard; sourceTree = "<group>"; };
		D2FC137419A3DCE80082652A /* BIDViewController.h */ = {isa = PBXFileReference; lastKnownFileType = sourcecode.c.h; path = BIDViewController.h; sourceTree = "<group>"; };
		D2FC137519A3DCE80082652A /* BIDViewController.m */ = {isa = PBXFileReference; lastKnownFileType = sourcecode.c.objc; path = BIDViewController.m; sourceTree = "<group>"; };
		D2FC137719A3DCE80082652A /* Images.xcassets */ = {isa = PBXFileReference; lastKnownFileType = folder.assetcatalog; path = Images.xcassets; sourceTree = "<group>"; };
		D2FC137D19A3DCE80082652A /* ControlFunTests.xctest */ = {isa = PBXFileReference; explicitFileType = wrapper.cfbundle; includeInIndex = 0; path = ControlFunTests.xctest; sourceTree = BUILT_PRODUCTS_DIR; };
		D2FC137E19A3DCE80082652A /* XCTest.framework */ = {isa = PBXFileReference; lastKnownFileType = wrapper.framework; name = XCTest.framework; path = Library/Frameworks/XCTest.framework; sourceTree = DEVELOPER_DIR; };
		D2FC138619A3DCE80082652A /* ControlFunTests-Info.plist */ = {isa = PBXFileReference; lastKnownFileType = text.plist.xml; path = "ControlFunTests-Info.plist"; sourceTree = "<group>"; };
		D2FC138819A3DCE80082652A /* en */ = {isa = PBXFileReference; lastKnownFileType = text.plist.strings; name = en; path = en.lproj/InfoPlist.strings; sourceTree = "<group>"; };
		D2FC138A19A3DCE80082652A /* ControlFunTests.m */ = {isa = PBXFileReference; lastKnownFileType = sourcecode.c.objc; path = ControlFunTests.m; sourceTree = "<group>"; };
/* End PBXFileReference section */

/* Begin PBXFrameworksBuildPhase section */
		D2FC135919A3DCE80082652A /* Frameworks */ = {
			isa = PBXFrameworksBuildPhase;
			buildActionMask = 2147483647;
			files = (
				D2FC136219A3DCE80082652A /* CoreGraphics.framework in Frameworks */,
				D2FC136419A3DCE80082652A /* UIKit.framework in Frameworks */,
				D2FC136019A3DCE80082652A /* Foundation.framework in Frameworks */,
			);
			runOnlyForDeploymentPostprocessing = 0;
		};
		D2FC137A19A3DCE80082652A /* Frameworks */ = {
			isa = PBXFrameworksBuildPhase;
			buildActionMask = 2147483647;
			files = (
				D2FC137F19A3DCE80082652A /* XCTest.framework in Frameworks */,
				D2FC138119A3DCE80082652A /* UIKit.framework in Frameworks */,
				D2FC138019A3DCE80082652A /* Foundation.framework in Frameworks */,
			);
			runOnlyForDeploymentPostprocessing = 0;
		};
/* End PBXFrameworksBuildPhase section */

/* Begin PBXGroup section */
		D2FC135319A3DCE80082652A = {
			isa = PBXGroup;
			children = (
				D2FC136519A3DCE80082652A /* ControlFun */,
				D2FC138419A3DCE80082652A /* ControlFunTests */,
				D2FC135E19A3DCE80082652A /* Frameworks */,
				D2FC135D19A3DCE80082652A /* Products */,
			);
			sourceTree = "<group>";
		};
		D2FC135D19A3DCE80082652A /* Products */ = {
			isa = PBXGroup;
			children = (
				D2FC135C19A3DCE80082652A /* ControlFun.app */,
				D2FC137D19A3DCE80082652A /* ControlFunTests.xctest */,
			);
			name = Products;
			sourceTree = "<group>";
		};
		D2FC135E19A3DCE80082652A /* Frameworks */ = {
			isa = PBXGroup;
			children = (
				D2FC135F19A3DCE80082652A /* Foundation.framework */,
				D2FC136119A3DCE80082652A /* CoreGraphics.framework */,
				D2FC136319A3DCE80082652A /* UIKit.framework */,
				D2FC137E19A3DCE80082652A /* XCTest.framework */,
			);
			name = Frameworks;
			sourceTree = "<group>";
		};
		D2FC136519A3DCE80082652A /* ControlFun */ = {
			isa = PBXGroup;
			children = (
				D2FC136E19A3DCE80082652A /* BIDAppDelegate.h */,
				D2FC136F19A3DCE80082652A /* BIDAppDelegate.m */,
				D2FC137119A3DCE80082652A /* Main.storyboard */,
				D2FC137419A3DCE80082652A /* BIDViewController.h */,
				D2FC137519A3DCE80082652A /* BIDViewController.m */,
				D2FC137719A3DCE80082652A /* Images.xcassets */,
				D2FC136619A3DCE80082652A /* Supporting Files */,
			);
			path = ControlFun;
			sourceTree = "<group>";
		};
		D2FC136619A3DCE80082652A /* Supporting Files */ = {
			isa = PBXGroup;
			children = (
				D2FC136719A3DCE80082652A /* ControlFun-Info.plist */,
				D2FC136819A3DCE80082652A /* InfoPlist.strings */,
				D2FC136B19A3DCE80082652A /* main.m */,
				D2FC136D19A3DCE80082652A /* ControlFun-Prefix.pch */,
			);
			name = "Supporting Files";
			sourceTree = "<group>";
		};
		D2FC138419A3DCE80082652A /* ControlFunTests */ = {
			isa = PBXGroup;
			children = (
				D2FC138A19A3DCE80082652A /* ControlFunTests.m */,
				D2FC138519A3DCE80082652A /* Supporting Files */,
			);
			path = ControlFunTests;
			sourceTree = "<group>";
		};
		D2FC138519A3DCE80082652A /* Supporting Files */ = {
			isa = PBXGroup;
			children = (
				D2FC138619A3DCE80082652A /* ControlFunTests-Info.plist */,
				D2FC138719A3DCE80082652A /* InfoPlist.strings */,
			);
			name = "Supporting Files";
			sourceTree = "<group>";
		};
/* End PBXGroup section */

/* Begin PBXNativeTarget section */
		D2FC135B19A3DCE80082652A /* ControlFun */ = {
			isa = PBXNativeTarget;
			buildConfigurationList = D2FC138E19A3DCE80082652A /* Build configuration list for PBXNativeTarget "ControlFun" */;
			buildPhases = (
				D2FC135819A3DCE80082652A /* Sources */,
				D2FC135919A3DCE80082652A /* Frameworks */,
				D2FC135A19A3DCE80082652A /* Resources */,
			);
			buildRules = (
			);
			dependencies = (
			);
			name = ControlFun;
			productName = ControlFun;
			productReference = D2FC135C19A3DCE80082652A /* ControlFun.app */;
			productType = "com.apple.product-type.application";
		};
		D2FC137C19A3DCE80082652A /* ControlFunTests */ = {
			isa = PBXNativeTarget;
			buildConfigurationList = D2FC139119A3DCE80082652A /* Build configuration list for PBXNativeTarget "ControlFunTests" */;
			buildPhases = (
				D2FC137919A3DCE80082652A /* Sources */,
				D2FC137A19A3DCE80082652A /* Frameworks */,
				D2FC137B19A3DCE80082652A /* Resources */,
			);
			buildRules = (
			);
			dependencies = (
				D2FC138319A3DCE80082652A /* PBXTargetDependency */,
			);
			name = ControlFunTests;
			productName = ControlFunTests;
			productReference = D2FC137D19A3DCE80082652A /* ControlFunTests.xctest */;
			productType = "com.apple.product-type.bundle.unit-test";
		};
/* End PBXNativeTarget section */

/* Begin PBXProject section */
		D2FC135419A3DCE80082652A /* Project object */ = {
			isa = PBXProject;
			attributes = {
				CLASSPREFIX = BID;
				LastUpgradeCheck = 0510;
				ORGANIZATIONNAME = ScottMaile;
				TargetAttributes = {
					D2FC137C19A3DCE80082652A = {
						TestTargetID = D2FC135B19A3DCE80082652A;
					};
				};
			};
			buildConfigurationList = D2FC135719A3DCE80082652A /* Build configuration list for PBXProject "ControlFun" */;
			compatibilityVersion = "Xcode 3.2";
			developmentRegion = English;
			hasScannedForEncodings = 0;
			knownRegions = (
				en,
				Base,
			);
			mainGroup = D2FC135319A3DCE80082652A;
			productRefGroup = D2FC135D19A3DCE80082652A /* Products */;
			projectDirPath = "";
			projectRoot = "";
			targets = (
				D2FC135B19A3DCE80082652A /* ControlFun */,
				D2FC137C19A3DCE80082652A /* ControlFunTests */,
			);
		};
/* End PBXProject section */

/* Begin PBXResourcesBuildPhase section */
		D2FC135A19A3DCE80082652A /* Resources */ = {
			isa = PBXResourcesBuildPhase;
			buildActionMask = 2147483647;
			files = (
				D2FC137819A3DCE80082652A /* Images.xcassets in Resources */,
				D2FC136A19A3DCE80082652A /* InfoPlist.strings in Resources */,
				D2FC137319A3DCE80082652A /* Main.storyboard in Resources */,
			);
			runOnlyForDeploymentPostprocessing = 0;
		};
		D2FC137B19A3DCE80082652A /* Resources */ = {
			isa = PBXResourcesBuildPhase;
			buildActionMask = 2147483647;
			files = (
				D2FC138919A3DCE80082652A /* InfoPlist.strings in Resources */,
			);
			runOnlyForDeploymentPostprocessing = 0;
		};
/* End PBXResourcesBuildPhase section */

/* Begin PBXSourcesBuildPhase section */
		D2FC135819A3DCE80082652A /* Sources */ = {
			isa = PBXSourcesBuildPhase;
			buildActionMask = 2147483647;
			files = (
				D2FC137019A3DCE80082652A /* BIDAppDelegate.m in Sources */,
				D2FC137619A3DCE80082652A /* BIDViewController.m in Sources */,
				D2FC136C19A3DCE80082652A /* main.m in Sources */,
			);
			runOnlyForDeploymentPostprocessing = 0;
		};
		D2FC137919A3DCE80082652A /* Sources */ = {
			isa = PBXSourcesBuildPhase;
			buildActionMask = 2147483647;
			files = (
				D2FC138B19A3DCE80082652A /* ControlFunTests.m in Sources */,
			);
			runOnlyForDeploymentPostprocessing = 0;
		};
/* End PBXSourcesBuildPhase section */

/* Begin PBXTargetDependency section */
		D2FC138319A3DCE80082652A /* PBXTargetDependency */ = {
			isa = PBXTargetDependency;
			target = D2FC135B19A3DCE80082652A /* ControlFun */;
			targetProxy = D2FC138219A3DCE80082652A /* PBXContainerItemProxy */;
		};
/* End PBXTargetDependency section */

/* Begin PBXVariantGroup section */
		D2FC136819A3DCE80082652A /* InfoPlist.strings */ = {
			isa = PBXVariantGroup;
			children = (
				D2FC136919A3DCE80082652A /* en */,
			);
			name = InfoPlist.strings;
			sourceTree = "<group>";
		};
		D2FC137119A3DCE80082652A /* Main.storyboard */ = {
			isa = PBXVariantGroup;
			children = (
				D2FC137219A3DCE80082652A /* Base */,
			);
			name = Main.storyboard;
			sourceTree = "<group>";
		};
		D2FC138719A3DCE80082652A /* InfoPlist.strings */ = {
			isa = PBXVariantGroup;
			children = (
				D2FC138819A3DCE80082652A /* en */,
			);
			name = InfoPlist.strings;
			sourceTree = "<group>";
		};
/* End PBXVariantGroup section */

/* Begin XCBuildConfiguration section */
		D2FC138C19A3DCE80082652A /* Debug */ = {
			isa = XCBuildConfiguration;
			buildSettings = {
				ALWAYS_SEARCH_USER_PATHS = NO;
				CLANG_CXX_LANGUAGE_STANDARD = "gnu++0x";
				CLANG_CXX_LIBRARY = "libc++";
				CLANG_ENABLE_MODULES = YES;
				CLANG_ENABLE_OBJC_ARC = YES;
				CLANG_WARN_BOOL_CONVERSION = YES;
				CLANG_WARN_CONSTANT_CONVERSION = YES;
				CLANG_WARN_DIRECT_OBJC_ISA_USAGE = YES_ERROR;
				CLANG_WARN_EMPTY_BODY = YES;
				CLANG_WARN_ENUM_CONVERSION = YES;
				CLANG_WARN_INT_CONVERSION = YES;
				CLANG_WARN_OBJC_ROOT_CLASS = YES_ERROR;
				CLANG_WARN__DUPLICATE_METHOD_MATCH = YES;
				"CODE_SIGN_IDENTITY[sdk=iphoneos*]" = "iPhone Developer";
				COPY_PHASE_STRIP = NO;
				GCC_C_LANGUAGE_STANDARD = gnu99;
				GCC_DYNAMIC_NO_PIC = NO;
				GCC_OPTIMIZATION_LEVEL = 0;
				GCC_PREPROCESSOR_DEFINITIONS = (
					"DEBUG=1",
					"$(inherited)",
				);
				GCC_SYMBOLS_PRIVATE_EXTERN = NO;
				GCC_WARN_64_TO_32_BIT_CONVERSION = YES;
				GCC_WARN_ABOUT_RETURN_TYPE = YES_ERROR;
				GCC_WARN_UNDECLARED_SELECTOR = YES;
				GCC_WARN_UNINITIALIZED_AUTOS = YES_AGGRESSIVE;
				GCC_WARN_UNUSED_FUNCTION = YES;
				GCC_WARN_UNUSED_VARIABLE = YES;
				IPHONEOS_DEPLOYMENT_TARGET = 7.1;
				ONLY_ACTIVE_ARCH = YES;
				SDKROOT = iphoneos;
			};
			name = Debug;
		};
		D2FC138D19A3DCE80082652A /* Release */ = {
			isa = XCBuildConfiguration;
			buildSettings = {
				ALWAYS_SEARCH_USER_PATHS = NO;
				CLANG_CXX_LANGUAGE_STANDARD = "gnu++0x";
				CLANG_CXX_LIBRARY = "libc++";
				CLANG_ENABLE_MODULES = YES;
				CLANG_ENABLE_OBJC_ARC = YES;
				CLANG_WARN_BOOL_CONVERSION = YES;
				CLANG_WARN_CONSTANT_CONVERSION = YES;
				CLANG_WARN_DIRECT_OBJC_ISA_USAGE = YES_ERROR;
				CLANG_WARN_EMPTY_BODY = YES;
				CLANG_WARN_ENUM_CONVERSION = YES;
				CLANG_WARN_INT_CONVERSION = YES;
				CLANG_WARN_OBJC_ROOT_CLASS = YES_ERROR;
				CLANG_WARN__DUPLICATE_METHOD_MATCH = YES;
				"CODE_SIGN_IDENTITY[sdk=iphoneos*]" = "iPhone Developer";
				COPY_PHASE_STRIP = YES;
				ENABLE_NS_ASSERTIONS = NO;
				GCC_C_LANGUAGE_STANDARD = gnu99;
				GCC_WARN_64_TO_32_BIT_CONVERSION = YES;
				GCC_WARN_ABOUT_RETURN_TYPE = YES_ERROR;
				GCC_WARN_UNDECLARED_SELECTOR = YES;
				GCC_WARN_UNINITIALIZED_AUTOS = YES_AGGRESSIVE;
				GCC_WARN_UNUSED_FUNCTION = YES;
				GCC_WARN_UNUSED_VARIABLE = YES;
				IPHONEOS_DEPLOYMENT_TARGET = 7.1;
				SDKROOT = iphoneos;
				VALIDATE_PRODUCT = YES;
			};
			name = Release;
		};
		D2FC138F19A3DCE80082652A /* Debug */ = {
			isa = XCBuildConfiguration;
			buildSettings = {
				ASSETCATALOG_COMPILER_APPICON_NAME = AppIcon;
				ASSETCATALOG_COMPILER_LAUNCHIMAGE_NAME = LaunchImage;
				GCC_PRECOMPILE_PREFIX_HEADER = YES;
				GCC_PREFIX_HEADER = "ControlFun/ControlFun-Prefix.pch";
				INFOPLIST_FILE = "ControlFun/ControlFun-Info.plist";
				PRODUCT_NAME = "$(TARGET_NAME)";
				WRAPPER_EXTENSION = app;
			};
			name = Debug;
		};
		D2FC139019A3DCE80082652A /* Release */ = {
			isa = XCBuildConfiguration;
			buildSettings = {
				ASSETCATALOG_COMPILER_APPICON_NAME = AppIcon;
				ASSETCATALOG_COMPILER_LAUNCHIMAGE_NAME = LaunchImage;
				GCC_PRECOMPILE_PREFIX_HEADER = YES;
				GCC_PREFIX_HEADER = "ControlFun/ControlFun-Prefix.pch";
				INFOPLIST_FILE = "ControlFun/ControlFun-Info.plist";
				PRODUCT_NAME = "$(TARGET_NAME)";
				WRAPPER_EXTENSION = app;
			};
			name = Release;
		};
		D2FC139219A3DCE80082652A /* Debug */ = {
			isa = XCBuildConfiguration;
			buildSettings = {
				BUNDLE_LOADER = "$(BUILT_PRODUCTS_DIR)/ControlFun.app/ControlFun";
				FRAMEWORK_SEARCH_PATHS = (
					"$(SDKROOT)/Developer/Library/Frameworks",
					"$(inherited)",
					"$(DEVELOPER_FRAMEWORKS_DIR)",
				);
				GCC_PRECOMPILE_PREFIX_HEADER = YES;
				GCC_PREFIX_HEADER = "ControlFun/ControlFun-Prefix.pch";
				GCC_PREPROCESSOR_DEFINITIONS = (
					"DEBUG=1",
					"$(inherited)",
				);
				INFOPLIST_FILE = "ControlFunTests/ControlFunTests-Info.plist";
				PRODUCT_NAME = "$(TARGET_NAME)";
				TEST_HOST = "$(BUNDLE_LOADER)";
				WRAPPER_EXTENSION = xctest;
			};
			name = Debug;
		};
		D2FC139319A3DCE80082652A /* Release */ = {
			isa = XCBuildConfiguration;
			buildSettings = {
				BUNDLE_LOADER = "$(BUILT_PRODUCTS_DIR)/ControlFun.app/ControlFun";
				FRAMEWORK_SEARCH_PATHS = (
					"$(SDKROOT)/Developer/Library/Frameworks",
					"$(inherited)",
					"$(DEVELOPER_FRAMEWORKS_DIR)",
				);
				GCC_PRECOMPILE_PREFIX_HEADER = YES;
				GCC_PREFIX_HEADER = "ControlFun/ControlFun-Prefix.pch";
				INFOPLIST_FILE = "ControlFunTests/ControlFunTests-Info.plist";
				PRODUCT_NAME = "$(TARGET_NAME)";
				TEST_HOST = "$(BUNDLE_LOADER)";
				WRAPPER_EXTENSION = xctest;
			};
			name = Release;
		};
/* End XCBuildConfiguration section */

/* Begin XCConfigurationList section */
		D2FC135719A3DCE80082652A /* Build configuration list for PBXProject "ControlFun" */ = {
			isa = XCConfigurationList;
			buildConfigurations = (
				D2FC138C19A3DCE80082652A /* Debug */,
				D2FC138D19A3DCE80082652A /* Release */,
			);
			defaultConfigurationIsVisible = 0;
			defaultConfigurationName = Release;
		};
		D2FC138E19A3DCE80082652A /* Build configuration list for PBXNativeTarget "ControlFun" */ = {
			isa = XCConfigurationList;
			buildConfigurations = (
				D2FC138F19A3DCE80082652A /* Debug */,
				D2FC139019A3DCE80082652A /* Release */,
			);
			defaultConfigurationIsVisible = 0;
		};
		D2FC139119A3DCE80082652A /* Build configuration list for PBXNativeTarget "ControlFunTests" */ = {
			isa = XCConfigurationList;
			buildConfigurations = (
				D2FC139219A3DCE80082652A /* Debug */,
				D2FC139319A3DCE80082652A /* Release */,
			);
			defaultConfigurationIsVisible = 0;
		};
/* End XCConfigurationList section */
	};
	rootObject = D2FC135419A3DCE80082652A /* Project object */;
}
